
Microsoft Visual Studio Solution File, Format Version 12.00
# Visual Studio 15
VisualStudioVersion = 15.0.27004.2009
MinimumVisualStudioVersion = 10.0.40219.1
Project("{FAE04EC0-301F-11D3-BF4B-00C04F79EFBC}") = "Lists03", "Lists03\Lists03.csproj", "{018C4433-0033-47EF-977C-5A8A05B7DC23}"
EndProject
Global
	GlobalSection(SolutionConfigurationPlatforms) = preSolution
		Debug|Any CPU = Debug|Any CPU
		Release|Any CPU = Release|Any CPU
	EndGlobalSection
	GlobalSection(ProjectConfigurationPlatforms) = postSolution
		{018C4433-0033-47EF-977C-5A8A05B7DC23}.Debug|Any CPU.ActiveCfg = Debug|Any CPU
		{018C4433-0033-47EF-977C-5A8A05B7DC23}.Debug|Any CPU.Build.0 = Debug|Any CPU
		{018C4433-0033-47EF-977C-5A8A05B7DC23}.Release|Any CPU.ActiveCfg = Release|Any CPU
		{018C4433-0033-47EF-977C-5A8A05B7DC23}.Release|Any CPU.Build.0 = Release|Any CPU
	EndGlobalSection
	GlobalSection(SolutionProperties) = preSolution
		HideSolutionNode = FALSE
	EndGlobalSection
	GlobalSection(ExtensibilityGlobals) = postSolution
		SolutionGuid = {2E4BE95F-BC05-4729-A5DE-06E556F85C70}
	EndGlobalSection
EndGlobal
