
Microsoft Visual Studio Solution File, Format Version 12.00
# Visual Studio 15
VisualStudioVersion = 15.0.27130.2020
MinimumVisualStudioVersion = 10.0.40219.1
Project("{FAE04EC0-301F-11D3-BF4B-00C04F79EFBC}") = "IntegrationTesting", "IntegrationTesting\IntegrationTesting.csproj", "{A2583C40-97E7-4BD4-B619-EC04D3BEF51E}"
EndProject
Project("{FAE04EC0-301F-11D3-BF4B-00C04F79EFBC}") = "IntegrationTesting.IntegrationTests", "IntegrationTesting.IntegrationTests\IntegrationTesting.IntegrationTests.csproj", "{31C8AF88-B4D0-4F63-9EA1-78FCF11C11B5}"
EndProject
Global
	GlobalSection(SolutionConfigurationPlatforms) = preSolution
		Debug|Any CPU = Debug|Any CPU
		Release|Any CPU = Release|Any CPU
	EndGlobalSection
	GlobalSection(ProjectConfigurationPlatforms) = postSolution
		{A2583C40-97E7-4BD4-B619-EC04D3BEF51E}.Debug|Any CPU.ActiveCfg = Debug|Any CPU
		{A2583C40-97E7-4BD4-B619-EC04D3BEF51E}.Debug|Any CPU.Build.0 = Debug|Any CPU
		{A2583C40-97E7-4BD4-B619-EC04D3BEF51E}.Release|Any CPU.ActiveCfg = Release|Any CPU
		{A2583C40-97E7-4BD4-B619-EC04D3BEF51E}.Release|Any CPU.Build.0 = Release|Any CPU
		{31C8AF88-B4D0-4F63-9EA1-78FCF11C11B5}.Debug|Any CPU.ActiveCfg = Debug|Any CPU
		{31C8AF88-B4D0-4F63-9EA1-78FCF11C11B5}.Debug|Any CPU.Build.0 = Debug|Any CPU
		{31C8AF88-B4D0-4F63-9EA1-78FCF11C11B5}.Release|Any CPU.ActiveCfg = Release|Any CPU
		{31C8AF88-B4D0-4F63-9EA1-78FCF11C11B5}.Release|Any CPU.Build.0 = Release|Any CPU
	EndGlobalSection
	GlobalSection(SolutionProperties) = preSolution
		HideSolutionNode = FALSE
	EndGlobalSection
	GlobalSection(ExtensibilityGlobals) = postSolution
		SolutionGuid = {959912A3-E694-4914-91EF-FE0EF4787E0A}
	EndGlobalSection
EndGlobal
