
Microsoft Visual Studio Solution File, Format Version 12.00
# Visual Studio 15
VisualStudioVersion = 15.0.27004.2009
MinimumVisualStudioVersion = 10.0.40219.1
Project("{FAE04EC0-301F-11D3-BF4B-00C04F79EFBC}") = "exercise-27", "exercise-27\exercise-27.csproj", "{AB75D159-D14E-40F6-AF02-09215DDF2FA7}"
EndProject
Global
	GlobalSection(SolutionConfigurationPlatforms) = preSolution
		Debug|Any CPU = Debug|Any CPU
		Release|Any CPU = Release|Any CPU
	EndGlobalSection
	GlobalSection(ProjectConfigurationPlatforms) = postSolution
		{AB75D159-D14E-40F6-AF02-09215DDF2FA7}.Debug|Any CPU.ActiveCfg = Debug|Any CPU
		{AB75D159-D14E-40F6-AF02-09215DDF2FA7}.Debug|Any CPU.Build.0 = Debug|Any CPU
		{AB75D159-D14E-40F6-AF02-09215DDF2FA7}.Release|Any CPU.ActiveCfg = Release|Any CPU
		{AB75D159-D14E-40F6-AF02-09215DDF2FA7}.Release|Any CPU.Build.0 = Release|Any CPU
	EndGlobalSection
	GlobalSection(SolutionProperties) = preSolution
		HideSolutionNode = FALSE
	EndGlobalSection
	GlobalSection(ExtensibilityGlobals) = postSolution
		SolutionGuid = {1E95EF42-47BB-4A53-BD41-5BA7FF3043AA}
	EndGlobalSection
EndGlobal
