
Microsoft Visual Studio Solution File, Format Version 12.00
# Visual Studio 15
VisualStudioVersion = 15.0.27004.2009
MinimumVisualStudioVersion = 10.0.40219.1
Project("{FAE04EC0-301F-11D3-BF4B-00C04F79EFBC}") = "Anagram", "Anagram\Anagram.csproj", "{A34D1914-2212-4968-B094-C5A4022D0CD1}"
EndProject
Project("{FAE04EC0-301F-11D3-BF4B-00C04F79EFBC}") = "AnagramTest", "AnagramTest\AnagramTest.csproj", "{7903DF3B-6C60-4ADA-8FC7-A11E81A358DE}"
EndProject
Global
	GlobalSection(SolutionConfigurationPlatforms) = preSolution
		Debug|Any CPU = Debug|Any CPU
		Release|Any CPU = Release|Any CPU
	EndGlobalSection
	GlobalSection(ProjectConfigurationPlatforms) = postSolution
		{A34D1914-2212-4968-B094-C5A4022D0CD1}.Debug|Any CPU.ActiveCfg = Debug|Any CPU
		{A34D1914-2212-4968-B094-C5A4022D0CD1}.Debug|Any CPU.Build.0 = Debug|Any CPU
		{A34D1914-2212-4968-B094-C5A4022D0CD1}.Release|Any CPU.ActiveCfg = Release|Any CPU
		{A34D1914-2212-4968-B094-C5A4022D0CD1}.Release|Any CPU.Build.0 = Release|Any CPU
		{7903DF3B-6C60-4ADA-8FC7-A11E81A358DE}.Debug|Any CPU.ActiveCfg = Debug|Any CPU
		{7903DF3B-6C60-4ADA-8FC7-A11E81A358DE}.Debug|Any CPU.Build.0 = Debug|Any CPU
		{7903DF3B-6C60-4ADA-8FC7-A11E81A358DE}.Release|Any CPU.ActiveCfg = Release|Any CPU
		{7903DF3B-6C60-4ADA-8FC7-A11E81A358DE}.Release|Any CPU.Build.0 = Release|Any CPU
	EndGlobalSection
	GlobalSection(SolutionProperties) = preSolution
		HideSolutionNode = FALSE
	EndGlobalSection
	GlobalSection(ExtensibilityGlobals) = postSolution
		SolutionGuid = {C9429FA7-4B74-4C11-984C-0C79C274F4AB}
	EndGlobalSection
EndGlobal
