
Microsoft Visual Studio Solution File, Format Version 12.00
# Visual Studio 15
VisualStudioVersion = 15.0.27004.2009
MinimumVisualStudioVersion = 10.0.40219.1
Project("{FAE04EC0-301F-11D3-BF4B-00C04F79EFBC}") = "AppendAnimals", "AppendAnimals\AppendAnimals.csproj", "{5952D338-4606-4BA3-9186-35CB54DB646A}"
EndProject
Global
	GlobalSection(SolutionConfigurationPlatforms) = preSolution
		Debug|Any CPU = Debug|Any CPU
		Release|Any CPU = Release|Any CPU
	EndGlobalSection
	GlobalSection(ProjectConfigurationPlatforms) = postSolution
		{5952D338-4606-4BA3-9186-35CB54DB646A}.Debug|Any CPU.ActiveCfg = Debug|Any CPU
		{5952D338-4606-4BA3-9186-35CB54DB646A}.Debug|Any CPU.Build.0 = Debug|Any CPU
		{5952D338-4606-4BA3-9186-35CB54DB646A}.Release|Any CPU.ActiveCfg = Release|Any CPU
		{5952D338-4606-4BA3-9186-35CB54DB646A}.Release|Any CPU.Build.0 = Release|Any CPU
	EndGlobalSection
	GlobalSection(SolutionProperties) = preSolution
		HideSolutionNode = FALSE
	EndGlobalSection
	GlobalSection(ExtensibilityGlobals) = postSolution
		SolutionGuid = {A3D7236F-22B9-410A-9D96-A4371609E471}
	EndGlobalSection
EndGlobal
