
Microsoft Visual Studio Solution File, Format Version 12.00
# Visual Studio 15
VisualStudioVersion = 15.0.27004.2009
MinimumVisualStudioVersion = 10.0.40219.1
Project("{FAE04EC0-301F-11D3-BF4B-00C04F79EFBC}") = "Strings02", "Strings02\Strings02.csproj", "{F96BB1BB-0A3B-4F9D-AEFA-259BF3EEFF01}"
EndProject
Global
	GlobalSection(SolutionConfigurationPlatforms) = preSolution
		Debug|Any CPU = Debug|Any CPU
		Release|Any CPU = Release|Any CPU
	EndGlobalSection
	GlobalSection(ProjectConfigurationPlatforms) = postSolution
		{F96BB1BB-0A3B-4F9D-AEFA-259BF3EEFF01}.Debug|Any CPU.ActiveCfg = Debug|Any CPU
		{F96BB1BB-0A3B-4F9D-AEFA-259BF3EEFF01}.Debug|Any CPU.Build.0 = Debug|Any CPU
		{F96BB1BB-0A3B-4F9D-AEFA-259BF3EEFF01}.Release|Any CPU.ActiveCfg = Release|Any CPU
		{F96BB1BB-0A3B-4F9D-AEFA-259BF3EEFF01}.Release|Any CPU.Build.0 = Release|Any CPU
	EndGlobalSection
	GlobalSection(SolutionProperties) = preSolution
		HideSolutionNode = FALSE
	EndGlobalSection
	GlobalSection(ExtensibilityGlobals) = postSolution
		SolutionGuid = {42CCEBB0-3986-4BB5-A1E4-796FE852EC3E}
	EndGlobalSection
EndGlobal
