
Microsoft Visual Studio Solution File, Format Version 12.00
# Visual Studio 15
VisualStudioVersion = 15.0.27004.2009
MinimumVisualStudioVersion = 10.0.40219.1
Project("{FAE04EC0-301F-11D3-BF4B-00C04F79EFBC}") = "SumDigit", "SumDigit\SumDigit.csproj", "{3017967C-70EF-403A-9954-96276623FF5A}"
EndProject
Global
	GlobalSection(SolutionConfigurationPlatforms) = preSolution
		Debug|Any CPU = Debug|Any CPU
		Release|Any CPU = Release|Any CPU
	EndGlobalSection
	GlobalSection(ProjectConfigurationPlatforms) = postSolution
		{3017967C-70EF-403A-9954-96276623FF5A}.Debug|Any CPU.ActiveCfg = Debug|Any CPU
		{3017967C-70EF-403A-9954-96276623FF5A}.Debug|Any CPU.Build.0 = Debug|Any CPU
		{3017967C-70EF-403A-9954-96276623FF5A}.Release|Any CPU.ActiveCfg = Release|Any CPU
		{3017967C-70EF-403A-9954-96276623FF5A}.Release|Any CPU.Build.0 = Release|Any CPU
	EndGlobalSection
	GlobalSection(SolutionProperties) = preSolution
		HideSolutionNode = FALSE
	EndGlobalSection
	GlobalSection(ExtensibilityGlobals) = postSolution
		SolutionGuid = {2AF27FAA-AD78-4095-93A4-B259DE7ABE42}
	EndGlobalSection
EndGlobal
