
Microsoft Visual Studio Solution File, Format Version 12.00
# Visual Studio 15
VisualStudioVersion = 15.0.27004.2009
MinimumVisualStudioVersion = 10.0.40219.1
Project("{FAE04EC0-301F-11D3-BF4B-00C04F79EFBC}") = "SquarePoisitoning", "SquarePoisitoning\SquarePoisitoning.csproj", "{6396CC11-9A7C-4594-9990-564F652FAA83}"
EndProject
Global
	GlobalSection(SolutionConfigurationPlatforms) = preSolution
		Debug|Any CPU = Debug|Any CPU
		Release|Any CPU = Release|Any CPU
	EndGlobalSection
	GlobalSection(ProjectConfigurationPlatforms) = postSolution
		{6396CC11-9A7C-4594-9990-564F652FAA83}.Debug|Any CPU.ActiveCfg = Debug|Any CPU
		{6396CC11-9A7C-4594-9990-564F652FAA83}.Debug|Any CPU.Build.0 = Debug|Any CPU
		{6396CC11-9A7C-4594-9990-564F652FAA83}.Release|Any CPU.ActiveCfg = Release|Any CPU
		{6396CC11-9A7C-4594-9990-564F652FAA83}.Release|Any CPU.Build.0 = Release|Any CPU
	EndGlobalSection
	GlobalSection(SolutionProperties) = preSolution
		HideSolutionNode = FALSE
	EndGlobalSection
	GlobalSection(ExtensibilityGlobals) = postSolution
		SolutionGuid = {6FF3661E-F08B-4201-8567-BB95376E9C7A}
	EndGlobalSection
EndGlobal
