
Microsoft Visual Studio Solution File, Format Version 12.00
# Visual Studio 15
VisualStudioVersion = 15.0.27004.2009
MinimumVisualStudioVersion = 10.0.40219.1
Project("{FAE04EC0-301F-11D3-BF4B-00C04F79EFBC}") = "GoToCenter", "GoToCenter\GoToCenter.csproj", "{82E74C60-8DF7-4405-AE42-A85155802607}"
EndProject
Global
	GlobalSection(SolutionConfigurationPlatforms) = preSolution
		Debug|Any CPU = Debug|Any CPU
		Release|Any CPU = Release|Any CPU
	EndGlobalSection
	GlobalSection(ProjectConfigurationPlatforms) = postSolution
		{82E74C60-8DF7-4405-AE42-A85155802607}.Debug|Any CPU.ActiveCfg = Debug|Any CPU
		{82E74C60-8DF7-4405-AE42-A85155802607}.Debug|Any CPU.Build.0 = Debug|Any CPU
		{82E74C60-8DF7-4405-AE42-A85155802607}.Release|Any CPU.ActiveCfg = Release|Any CPU
		{82E74C60-8DF7-4405-AE42-A85155802607}.Release|Any CPU.Build.0 = Release|Any CPU
	EndGlobalSection
	GlobalSection(SolutionProperties) = preSolution
		HideSolutionNode = FALSE
	EndGlobalSection
	GlobalSection(ExtensibilityGlobals) = postSolution
		SolutionGuid = {1B7EA452-EC68-47CC-A77F-2C80961CA655}
	EndGlobalSection
EndGlobal
