
Microsoft Visual Studio Solution File, Format Version 12.00
# Visual Studio 15
VisualStudioVersion = 15.0.27004.2009
MinimumVisualStudioVersion = 10.0.40219.1
Project("{FAE04EC0-301F-11D3-BF4B-00C04F79EFBC}") = "Lists04", "Lists04\Lists04.csproj", "{2E9C3E83-0659-4191-AB17-6CD9FE588555}"
EndProject
Global
	GlobalSection(SolutionConfigurationPlatforms) = preSolution
		Debug|Any CPU = Debug|Any CPU
		Release|Any CPU = Release|Any CPU
	EndGlobalSection
	GlobalSection(ProjectConfigurationPlatforms) = postSolution
		{2E9C3E83-0659-4191-AB17-6CD9FE588555}.Debug|Any CPU.ActiveCfg = Debug|Any CPU
		{2E9C3E83-0659-4191-AB17-6CD9FE588555}.Debug|Any CPU.Build.0 = Debug|Any CPU
		{2E9C3E83-0659-4191-AB17-6CD9FE588555}.Release|Any CPU.ActiveCfg = Release|Any CPU
		{2E9C3E83-0659-4191-AB17-6CD9FE588555}.Release|Any CPU.Build.0 = Release|Any CPU
	EndGlobalSection
	GlobalSection(SolutionProperties) = preSolution
		HideSolutionNode = FALSE
	EndGlobalSection
	GlobalSection(ExtensibilityGlobals) = postSolution
		SolutionGuid = {3C266E5D-525B-49C3-88A6-98453AD8DD89}
	EndGlobalSection
EndGlobal
