
Microsoft Visual Studio Solution File, Format Version 12.00
# Visual Studio 15
VisualStudioVersion = 15.0.27004.2009
MinimumVisualStudioVersion = 10.0.40219.1
Project("{FAE04EC0-301F-11D3-BF4B-00C04F79EFBC}") = "exercise 13", "exercise 13\exercise 13.csproj", "{1A3F6703-B1DA-4484-B0A8-8DCC411DC980}"
EndProject
Global
	GlobalSection(SolutionConfigurationPlatforms) = preSolution
		Debug|Any CPU = Debug|Any CPU
		Release|Any CPU = Release|Any CPU
	EndGlobalSection
	GlobalSection(ProjectConfigurationPlatforms) = postSolution
		{1A3F6703-B1DA-4484-B0A8-8DCC411DC980}.Debug|Any CPU.ActiveCfg = Debug|Any CPU
		{1A3F6703-B1DA-4484-B0A8-8DCC411DC980}.Debug|Any CPU.Build.0 = Debug|Any CPU
		{1A3F6703-B1DA-4484-B0A8-8DCC411DC980}.Release|Any CPU.ActiveCfg = Release|Any CPU
		{1A3F6703-B1DA-4484-B0A8-8DCC411DC980}.Release|Any CPU.Build.0 = Release|Any CPU
	EndGlobalSection
	GlobalSection(SolutionProperties) = preSolution
		HideSolutionNode = FALSE
	EndGlobalSection
	GlobalSection(ExtensibilityGlobals) = postSolution
		SolutionGuid = {5FD3D6FE-3928-4833-949C-F1C6E4289CE1}
	EndGlobalSection
EndGlobal
