
Microsoft Visual Studio Solution File, Format Version 12.00
# Visual Studio 15
VisualStudioVersion = 15.0.27004.2009
MinimumVisualStudioVersion = 10.0.40219.1
Project("{FAE04EC0-301F-11D3-BF4B-00C04F79EFBC}") = "Horizontal", "Horizontal\Horizontal.csproj", "{78581134-A358-4C41-88DD-A9734E11143D}"
EndProject
Global
	GlobalSection(SolutionConfigurationPlatforms) = preSolution
		Debug|Any CPU = Debug|Any CPU
		Release|Any CPU = Release|Any CPU
	EndGlobalSection
	GlobalSection(ProjectConfigurationPlatforms) = postSolution
		{78581134-A358-4C41-88DD-A9734E11143D}.Debug|Any CPU.ActiveCfg = Debug|Any CPU
		{78581134-A358-4C41-88DD-A9734E11143D}.Debug|Any CPU.Build.0 = Debug|Any CPU
		{78581134-A358-4C41-88DD-A9734E11143D}.Release|Any CPU.ActiveCfg = Release|Any CPU
		{78581134-A358-4C41-88DD-A9734E11143D}.Release|Any CPU.Build.0 = Release|Any CPU
	EndGlobalSection
	GlobalSection(SolutionProperties) = preSolution
		HideSolutionNode = FALSE
	EndGlobalSection
	GlobalSection(ExtensibilityGlobals) = postSolution
		SolutionGuid = {8EC44BC8-6F31-4AF8-B4DC-4061A76259AC}
	EndGlobalSection
EndGlobal
