
Microsoft Visual Studio Solution File, Format Version 12.00
# Visual Studio 15
VisualStudioVersion = 15.0.27004.2009
MinimumVisualStudioVersion = 10.0.40219.1
Project("{FAE04EC0-301F-11D3-BF4B-00C04F79EFBC}") = "SwapElements", "SwapElements\SwapElements.csproj", "{9DB07C4F-9103-4A05-98B0-F171B5F58874}"
EndProject
Global
	GlobalSection(SolutionConfigurationPlatforms) = preSolution
		Debug|Any CPU = Debug|Any CPU
		Release|Any CPU = Release|Any CPU
	EndGlobalSection
	GlobalSection(ProjectConfigurationPlatforms) = postSolution
		{9DB07C4F-9103-4A05-98B0-F171B5F58874}.Debug|Any CPU.ActiveCfg = Debug|Any CPU
		{9DB07C4F-9103-4A05-98B0-F171B5F58874}.Debug|Any CPU.Build.0 = Debug|Any CPU
		{9DB07C4F-9103-4A05-98B0-F171B5F58874}.Release|Any CPU.ActiveCfg = Release|Any CPU
		{9DB07C4F-9103-4A05-98B0-F171B5F58874}.Release|Any CPU.Build.0 = Release|Any CPU
	EndGlobalSection
	GlobalSection(SolutionProperties) = preSolution
		HideSolutionNode = FALSE
	EndGlobalSection
	GlobalSection(ExtensibilityGlobals) = postSolution
		SolutionGuid = {2F7A8E6C-0027-4E9B-8E0D-DC271B84E339}
	EndGlobalSection
EndGlobal
