
Microsoft Visual Studio Solution File, Format Version 12.00
# Visual Studio 15
VisualStudioVersion = 15.0.27004.2009
MinimumVisualStudioVersion = 10.0.40219.1
Project("{FAE04EC0-301F-11D3-BF4B-00C04F79EFBC}") = "AspDotNetCore", "AspDotNetCore\AspDotNetCore.csproj", "{5299B9A5-34E7-4D08-9BF3-FD5A130F4D69}"
EndProject
Global
	GlobalSection(SolutionConfigurationPlatforms) = preSolution
		Debug|Any CPU = Debug|Any CPU
		Release|Any CPU = Release|Any CPU
	EndGlobalSection
	GlobalSection(ProjectConfigurationPlatforms) = postSolution
		{5299B9A5-34E7-4D08-9BF3-FD5A130F4D69}.Debug|Any CPU.ActiveCfg = Debug|Any CPU
		{5299B9A5-34E7-4D08-9BF3-FD5A130F4D69}.Debug|Any CPU.Build.0 = Debug|Any CPU
		{5299B9A5-34E7-4D08-9BF3-FD5A130F4D69}.Release|Any CPU.ActiveCfg = Release|Any CPU
		{5299B9A5-34E7-4D08-9BF3-FD5A130F4D69}.Release|Any CPU.Build.0 = Release|Any CPU
	EndGlobalSection
	GlobalSection(SolutionProperties) = preSolution
		HideSolutionNode = FALSE
	EndGlobalSection
	GlobalSection(ExtensibilityGlobals) = postSolution
		SolutionGuid = {A057020B-15AF-46F2-9C6F-1BA1A850C245}
	EndGlobalSection
EndGlobal
