
Microsoft Visual Studio Solution File, Format Version 12.00
# Visual Studio 15
VisualStudioVersion = 15.0.27004.2009
MinimumVisualStudioVersion = 10.0.40219.1
Project("{FAE04EC0-301F-11D3-BF4B-00C04F79EFBC}") = "PurpleSteps3D", "PurpleSteps3D\PurpleSteps3D.csproj", "{F80A1D37-B746-4E31-9B92-4136F1AD8001}"
EndProject
Global
	GlobalSection(SolutionConfigurationPlatforms) = preSolution
		Debug|Any CPU = Debug|Any CPU
		Release|Any CPU = Release|Any CPU
	EndGlobalSection
	GlobalSection(ProjectConfigurationPlatforms) = postSolution
		{F80A1D37-B746-4E31-9B92-4136F1AD8001}.Debug|Any CPU.ActiveCfg = Debug|Any CPU
		{F80A1D37-B746-4E31-9B92-4136F1AD8001}.Debug|Any CPU.Build.0 = Debug|Any CPU
		{F80A1D37-B746-4E31-9B92-4136F1AD8001}.Release|Any CPU.ActiveCfg = Release|Any CPU
		{F80A1D37-B746-4E31-9B92-4136F1AD8001}.Release|Any CPU.Build.0 = Release|Any CPU
	EndGlobalSection
	GlobalSection(SolutionProperties) = preSolution
		HideSolutionNode = FALSE
	EndGlobalSection
	GlobalSection(ExtensibilityGlobals) = postSolution
		SolutionGuid = {E1FBB3FD-6CE7-48AB-8114-EC03E8F2C7E3}
	EndGlobalSection
EndGlobal
