
Microsoft Visual Studio Solution File, Format Version 12.00
# Visual Studio 15
VisualStudioVersion = 15.0.27004.2009
MinimumVisualStudioVersion = 10.0.40219.1
Project("{FAE04EC0-301F-11D3-BF4B-00C04F79EFBC}") = "exercise-28", "exercise-28\exercise-28.csproj", "{6294D138-CA75-4CCE-9646-514BFD1F5ACD}"
EndProject
Global
	GlobalSection(SolutionConfigurationPlatforms) = preSolution
		Debug|Any CPU = Debug|Any CPU
		Release|Any CPU = Release|Any CPU
	EndGlobalSection
	GlobalSection(ProjectConfigurationPlatforms) = postSolution
		{6294D138-CA75-4CCE-9646-514BFD1F5ACD}.Debug|Any CPU.ActiveCfg = Debug|Any CPU
		{6294D138-CA75-4CCE-9646-514BFD1F5ACD}.Debug|Any CPU.Build.0 = Debug|Any CPU
		{6294D138-CA75-4CCE-9646-514BFD1F5ACD}.Release|Any CPU.ActiveCfg = Release|Any CPU
		{6294D138-CA75-4CCE-9646-514BFD1F5ACD}.Release|Any CPU.Build.0 = Release|Any CPU
	EndGlobalSection
	GlobalSection(SolutionProperties) = preSolution
		HideSolutionNode = FALSE
	EndGlobalSection
	GlobalSection(ExtensibilityGlobals) = postSolution
		SolutionGuid = {4726CBEB-1CF2-4497-BCA7-4A87CEE43301}
	EndGlobalSection
EndGlobal
