
Microsoft Visual Studio Solution File, Format Version 12.00
# Visual Studio 15
VisualStudioVersion = 15.0.27004.2009
MinimumVisualStudioVersion = 10.0.40219.1
Project("{FAE04EC0-301F-11D3-BF4B-00C04F79EFBC}") = "exercise-08", "exercise-08\exercise-08.csproj", "{1FAD857C-F01D-486C-B728-C00C6BB2A57D}"
EndProject
Global
	GlobalSection(SolutionConfigurationPlatforms) = preSolution
		Debug|Any CPU = Debug|Any CPU
		Release|Any CPU = Release|Any CPU
	EndGlobalSection
	GlobalSection(ProjectConfigurationPlatforms) = postSolution
		{1FAD857C-F01D-486C-B728-C00C6BB2A57D}.Debug|Any CPU.ActiveCfg = Debug|Any CPU
		{1FAD857C-F01D-486C-B728-C00C6BB2A57D}.Debug|Any CPU.Build.0 = Debug|Any CPU
		{1FAD857C-F01D-486C-B728-C00C6BB2A57D}.Release|Any CPU.ActiveCfg = Release|Any CPU
		{1FAD857C-F01D-486C-B728-C00C6BB2A57D}.Release|Any CPU.Build.0 = Release|Any CPU
	EndGlobalSection
	GlobalSection(SolutionProperties) = preSolution
		HideSolutionNode = FALSE
	EndGlobalSection
	GlobalSection(ExtensibilityGlobals) = postSolution
		SolutionGuid = {FBD023B1-F55C-4FD8-98E6-40A3366E9240}
	EndGlobalSection
EndGlobal
