
Microsoft Visual Studio Solution File, Format Version 12.00
# Visual Studio 15
VisualStudioVersion = 15.0.27004.2009
MinimumVisualStudioVersion = 10.0.40219.1
Project("{FAE04EC0-301F-11D3-BF4B-00C04F79EFBC}") = "ChangeElements", "ChangeElements\ChangeElements.csproj", "{5F68C346-DDFC-4144-A771-892CA2174052}"
EndProject
Global
	GlobalSection(SolutionConfigurationPlatforms) = preSolution
		Debug|Any CPU = Debug|Any CPU
		Release|Any CPU = Release|Any CPU
	EndGlobalSection
	GlobalSection(ProjectConfigurationPlatforms) = postSolution
		{5F68C346-DDFC-4144-A771-892CA2174052}.Debug|Any CPU.ActiveCfg = Debug|Any CPU
		{5F68C346-DDFC-4144-A771-892CA2174052}.Debug|Any CPU.Build.0 = Debug|Any CPU
		{5F68C346-DDFC-4144-A771-892CA2174052}.Release|Any CPU.ActiveCfg = Release|Any CPU
		{5F68C346-DDFC-4144-A771-892CA2174052}.Release|Any CPU.Build.0 = Release|Any CPU
	EndGlobalSection
	GlobalSection(SolutionProperties) = preSolution
		HideSolutionNode = FALSE
	EndGlobalSection
	GlobalSection(ExtensibilityGlobals) = postSolution
		SolutionGuid = {6501BF52-22F9-4049-8AEC-7F89F0D428FC}
	EndGlobalSection
EndGlobal
