
Microsoft Visual Studio Solution File, Format Version 12.00
# Visual Studio 15
VisualStudioVersion = 15.0.27004.2009
MinimumVisualStudioVersion = 10.0.40219.1
Project("{FAE04EC0-301F-11D3-BF4B-00C04F79EFBC}") = "Factorial", "Factorial\Factorial.csproj", "{EBD7E885-9545-40D5-90CC-42D1E2E02A30}"
EndProject
Global
	GlobalSection(SolutionConfigurationPlatforms) = preSolution
		Debug|Any CPU = Debug|Any CPU
		Release|Any CPU = Release|Any CPU
	EndGlobalSection
	GlobalSection(ProjectConfigurationPlatforms) = postSolution
		{EBD7E885-9545-40D5-90CC-42D1E2E02A30}.Debug|Any CPU.ActiveCfg = Debug|Any CPU
		{EBD7E885-9545-40D5-90CC-42D1E2E02A30}.Debug|Any CPU.Build.0 = Debug|Any CPU
		{EBD7E885-9545-40D5-90CC-42D1E2E02A30}.Release|Any CPU.ActiveCfg = Release|Any CPU
		{EBD7E885-9545-40D5-90CC-42D1E2E02A30}.Release|Any CPU.Build.0 = Release|Any CPU
	EndGlobalSection
	GlobalSection(SolutionProperties) = preSolution
		HideSolutionNode = FALSE
	EndGlobalSection
	GlobalSection(ExtensibilityGlobals) = postSolution
		SolutionGuid = {5C04F4EA-F925-4AC1-844D-C835B4618CC4}
	EndGlobalSection
EndGlobal
