
Microsoft Visual Studio Solution File, Format Version 12.00
# Visual Studio 15
VisualStudioVersion = 15.0.27004.2009
MinimumVisualStudioVersion = 10.0.40219.1
Project("{FAE04EC0-301F-11D3-BF4B-00C04F79EFBC}") = "Exercise7", "Exercise7\Exercise7.csproj", "{E792618B-C00D-48C7-AFEE-DC99CD1391CB}"
EndProject
Global
	GlobalSection(SolutionConfigurationPlatforms) = preSolution
		Debug|Any CPU = Debug|Any CPU
		Release|Any CPU = Release|Any CPU
	EndGlobalSection
	GlobalSection(ProjectConfigurationPlatforms) = postSolution
		{E792618B-C00D-48C7-AFEE-DC99CD1391CB}.Debug|Any CPU.ActiveCfg = Debug|Any CPU
		{E792618B-C00D-48C7-AFEE-DC99CD1391CB}.Debug|Any CPU.Build.0 = Debug|Any CPU
		{E792618B-C00D-48C7-AFEE-DC99CD1391CB}.Release|Any CPU.ActiveCfg = Release|Any CPU
		{E792618B-C00D-48C7-AFEE-DC99CD1391CB}.Release|Any CPU.Build.0 = Release|Any CPU
	EndGlobalSection
	GlobalSection(SolutionProperties) = preSolution
		HideSolutionNode = FALSE
	EndGlobalSection
	GlobalSection(ExtensibilityGlobals) = postSolution
		SolutionGuid = {50EB6A63-396B-49C2-B3FB-49C0D7F03095}
	EndGlobalSection
EndGlobal
